// !$*UTF8*$!
{
	archiveVersion = 1;
	classes = {
	};
	objectVersion = 50;
	objects = {

/* Begin PBXBuildFile section */
		A326F2932373066D009D3E12 /* NetworkService.swift in Sources */ = {isa = PBXBuildFile; fileRef = A326F2922373066D009D3E12 /* NetworkService.swift */; };
		A326F29B237320E8009D3E12 /* UserProfile.swift in Sources */ = {isa = PBXBuildFile; fileRef = A326F29A237320E8009D3E12 /* UserProfile.swift */; };
		A326F29D237326C2009D3E12 /* AuthUser.swift in Sources */ = {isa = PBXBuildFile; fileRef = A326F29C237326C2009D3E12 /* AuthUser.swift */; };
		A354918D237072A40056D05B /* SearchTableView.swift in Sources */ = {isa = PBXBuildFile; fileRef = A354918C237072A40056D05B /* SearchTableView.swift */; };
		A354918F237077F00056D05B /* LoginController.swift in Sources */ = {isa = PBXBuildFile; fileRef = A354918E237077F00056D05B /* LoginController.swift */; };
		A3C0767D2362FE220098A25F /* AppDelegate.swift in Sources */ = {isa = PBXBuildFile; fileRef = A3C0767C2362FE220098A25F /* AppDelegate.swift */; };
		A3C0767F2362FE220098A25F /* ProfileViewController.swift in Sources */ = {isa = PBXBuildFile; fileRef = A3C0767E2362FE220098A25F /* ProfileViewController.swift */; };
		A3C076822362FE220098A25F /* Main.storyboard in Resources */ = {isa = PBXBuildFile; fileRef = A3C076802362FE220098A25F /* Main.storyboard */; };
		A3C076872362FE260098A25F /* Assets.xcassets in Resources */ = {isa = PBXBuildFile; fileRef = A3C076862362FE260098A25F /* Assets.xcassets */; };
		A3C0768A2362FE260098A25F /* LaunchScreen.storyboard in Resources */ = {isa = PBXBuildFile; fileRef = A3C076882362FE260098A25F /* LaunchScreen.storyboard */; };
/* End PBXBuildFile section */

/* Begin PBXFileReference section */
		A326F2922373066D009D3E12 /* NetworkService.swift */ = {isa = PBXFileReference; lastKnownFileType = sourcecode.swift; path = NetworkService.swift; sourceTree = "<group>"; };
		A326F29A237320E8009D3E12 /* UserProfile.swift */ = {isa = PBXFileReference; lastKnownFileType = sourcecode.swift; path = UserProfile.swift; sourceTree = "<group>"; };
		A326F29C237326C2009D3E12 /* AuthUser.swift */ = {isa = PBXFileReference; lastKnownFileType = sourcecode.swift; path = AuthUser.swift; sourceTree = "<group>"; };
		A354918C237072A40056D05B /* SearchTableView.swift */ = {isa = PBXFileReference; lastKnownFileType = sourcecode.swift; path = SearchTableView.swift; sourceTree = "<group>"; };
		A354918E237077F00056D05B /* LoginController.swift */ = {isa = PBXFileReference; lastKnownFileType = sourcecode.swift; path = LoginController.swift; sourceTree = "<group>"; };
		A3C076792362FE220098A25F /* SwiftyCompanion.app */ = {isa = PBXFileReference; explicitFileType = wrapper.application; includeInIndex = 0; path = SwiftyCompanion.app; sourceTree = BUILT_PRODUCTS_DIR; };
		A3C0767C2362FE220098A25F /* AppDelegate.swift */ = {isa = PBXFileReference; lastKnownFileType = sourcecode.swift; path = AppDelegate.swift; sourceTree = "<group>"; };
		A3C0767E2362FE220098A25F /* ProfileViewController.swift */ = {isa = PBXFileReference; lastKnownFileType = sourcecode.swift; path = ProfileViewController.swift; sourceTree = "<group>"; };
		A3C076812362FE220098A25F /* Base */ = {isa = PBXFileReference; lastKnownFileType = file.storyboard; name = Base; path = Base.lproj/Main.storyboard; sourceTree = "<group>"; };
		A3C076862362FE260098A25F /* Assets.xcassets */ = {isa = PBXFileReference; lastKnownFileType = folder.assetcatalog; path = Assets.xcassets; sourceTree = "<group>"; };
		A3C076892362FE260098A25F /* Base */ = {isa = PBXFileReference; lastKnownFileType = file.storyboard; name = Base; path = Base.lproj/LaunchScreen.storyboard; sourceTree = "<group>"; };
		A3C0768B2362FE260098A25F /* Info.plist */ = {isa = PBXFileReference; lastKnownFileType = text.plist.xml; path = Info.plist; sourceTree = "<group>"; };
/* End PBXFileReference section */

/* Begin PBXFrameworksBuildPhase section */
		A3C076762362FE220098A25F /* Frameworks */ = {
			isa = PBXFrameworksBuildPhase;
			buildActionMask = 2147483647;
			files = (
			);
			runOnlyForDeploymentPostprocessing = 0;
		};
/* End PBXFrameworksBuildPhase section */

/* Begin PBXGroup section */
		A326F2862372FD52009D3E12 /* Model */ = {
			isa = PBXGroup;
			children = (
				A326F29A237320E8009D3E12 /* UserProfile.swift */,
			);
			path = Model;
			sourceTree = "<group>";
		};
		A326F2872372FD63009D3E12 /* View */ = {
			isa = PBXGroup;
			children = (
				A3C076802362FE220098A25F /* Main.storyboard */,
				A3C076882362FE260098A25F /* LaunchScreen.storyboard */,
			);
			path = View;
			sourceTree = "<group>";
		};
		A326F2882372FD6D009D3E12 /* Controller */ = {
			isa = PBXGroup;
			children = (
				A3C0767E2362FE220098A25F /* ProfileViewController.swift */,
				A354918C237072A40056D05B /* SearchTableView.swift */,
				A3C0767C2362FE220098A25F /* AppDelegate.swift */,
			);
			path = Controller;
			sourceTree = "<group>";
		};
		A326F2892372FD92009D3E12 /* Application */ = {
			isa = PBXGroup;
			children = (
				A326F2862372FD52009D3E12 /* Model */,
				A326F2872372FD63009D3E12 /* View */,
				A326F2882372FD6D009D3E12 /* Controller */,
				A326F29123730648009D3E12 /* NetworkService */,
			);
			path = Application;
			sourceTree = "<group>";
		};
		A326F28B2372FE99009D3E12 /* Supporting Files */ = {
			isa = PBXGroup;
			children = (
				A3C076862362FE260098A25F /* Assets.xcassets */,
				A3C0768B2362FE260098A25F /* Info.plist */,
			);
			path = "Supporting Files";
			sourceTree = "<group>";
		};
		A326F29123730648009D3E12 /* NetworkService */ = {
			isa = PBXGroup;
			children = (
				A326F2922373066D009D3E12 /* NetworkService.swift */,
			);
			path = NetworkService;
			sourceTree = "<group>";
		};
		A326F294237308AC009D3E12 /* LogIn */ = {
			isa = PBXGroup;
			children = (
				A326F298237308E0009D3E12 /* Model */,
				A326F297237308DA009D3E12 /* View */,
				A326F295237308BE009D3E12 /* Controller */,
				A326F299237308F6009D3E12 /* LoginNetworkService */,
			);
			path = LogIn;
			sourceTree = "<group>";
		};
		A326F295237308BE009D3E12 /* Controller */ = {
			isa = PBXGroup;
			children = (
				A354918E237077F00056D05B /* LoginController.swift */,
			);
			path = Controller;
			sourceTree = "<group>";
		};
		A326F297237308DA009D3E12 /* View */ = {
			isa = PBXGroup;
			children = (
			);
			path = View;
			sourceTree = "<group>";
		};
		A326F298237308E0009D3E12 /* Model */ = {
			isa = PBXGroup;
			children = (
				A326F29C237326C2009D3E12 /* AuthUser.swift */,
			);
			path = Model;
			sourceTree = "<group>";
		};
		A326F299237308F6009D3E12 /* LoginNetworkService */ = {
			isa = PBXGroup;
			children = (
			);
			path = LoginNetworkService;
			sourceTree = "<group>";
		};
		A3C076702362FE220098A25F = {
			isa = PBXGroup;
			children = (
				A3C0767B2362FE220098A25F /* SwiftyCompanion */,
				A3C0767A2362FE220098A25F /* Products */,
			);
			sourceTree = "<group>";
		};
		A3C0767A2362FE220098A25F /* Products */ = {
			isa = PBXGroup;
			children = (
				A3C076792362FE220098A25F /* SwiftyCompanion.app */,
			);
			name = Products;
			sourceTree = "<group>";
		};
		A3C0767B2362FE220098A25F /* SwiftyCompanion */ = {
			isa = PBXGroup;
			children = (
				A326F294237308AC009D3E12 /* LogIn */,
				A326F2892372FD92009D3E12 /* Application */,
				A326F28B2372FE99009D3E12 /* Supporting Files */,
			);
			path = SwiftyCompanion;
			sourceTree = "<group>";
		};
/* End PBXGroup section */

/* Begin PBXNativeTarget section */
		A3C076782362FE220098A25F /* SwiftyCompanion */ = {
			isa = PBXNativeTarget;
			buildConfigurationList = A3C0768E2362FE260098A25F /* Build configuration list for PBXNativeTarget "SwiftyCompanion" */;
			buildPhases = (
				A3C076752362FE220098A25F /* Sources */,
				A3C076762362FE220098A25F /* Frameworks */,
				A3C076772362FE220098A25F /* Resources */,
			);
			buildRules = (
			);
			dependencies = (
			);
			name = SwiftyCompanion;
			productName = SwiftyCompanion;
			productReference = A3C076792362FE220098A25F /* SwiftyCompanion.app */;
			productType = "com.apple.product-type.application";
		};
/* End PBXNativeTarget section */

/* Begin PBXProject section */
		A3C076712362FE220098A25F /* Project object */ = {
			isa = PBXProject;
			attributes = {
				LastSwiftUpdateCheck = 1020;
				LastUpgradeCheck = 1020;
				ORGANIZATIONNAME = "Viktor PELIVAN";
				TargetAttributes = {
					A3C076782362FE220098A25F = {
						CreatedOnToolsVersion = 10.2.1;
					};
				};
			};
			buildConfigurationList = A3C076742362FE220098A25F /* Build configuration list for PBXProject "SwiftyCompanion" */;
			compatibilityVersion = "Xcode 9.3";
			developmentRegion = en;
			hasScannedForEncodings = 0;
			knownRegions = (
				en,
				Base,
			);
			mainGroup = A3C076702362FE220098A25F;
			productRefGroup = A3C0767A2362FE220098A25F /* Products */;
			projectDirPath = "";
			projectRoot = "";
			targets = (
				A3C076782362FE220098A25F /* SwiftyCompanion */,
			);
		};
/* End PBXProject section */

/* Begin PBXResourcesBuildPhase section */
		A3C076772362FE220098A25F /* Resources */ = {
			isa = PBXResourcesBuildPhase;
			buildActionMask = 2147483647;
			files = (
				A3C0768A2362FE260098A25F /* LaunchScreen.storyboard in Resources */,
				A3C076872362FE260098A25F /* Assets.xcassets in Resources */,
				A3C076822362FE220098A25F /* Main.storyboard in Resources */,
			);
			runOnlyForDeploymentPostprocessing = 0;
		};
/* End PBXResourcesBuildPhase section */

/* Begin PBXSourcesBuildPhase section */
		A3C076752362FE220098A25F /* Sources */ = {
			isa = PBXSourcesBuildPhase;
			buildActionMask = 2147483647;
			files = (
				A326F2932373066D009D3E12 /* NetworkService.swift in Sources */,
				A354918D237072A40056D05B /* SearchTableView.swift in Sources */,
				A326F29B237320E8009D3E12 /* UserProfile.swift in Sources */,
				A326F29D237326C2009D3E12 /* AuthUser.swift in Sources */,
				A3C0767F2362FE220098A25F /* ProfileViewController.swift in Sources */,
				A3C0767D2362FE220098A25F /* AppDelegate.swift in Sources */,
				A354918F237077F00056D05B /* LoginController.swift in Sources */,
			);
			runOnlyForDeploymentPostprocessing = 0;
		};
/* End PBXSourcesBuildPhase section */

/* Begin PBXVariantGroup section */
		A3C076802362FE220098A25F /* Main.storyboard */ = {
			isa = PBXVariantGroup;
			children = (
				A3C076812362FE220098A25F /* Base */,
			);
			name = Main.storyboard;
			sourceTree = "<group>";
		};
		A3C076882362FE260098A25F /* LaunchScreen.storyboard */ = {
			isa = PBXVariantGroup;
			children = (
				A3C076892362FE260098A25F /* Base */,
			);
			name = LaunchScreen.storyboard;
			sourceTree = "<group>";
		};
/* End PBXVariantGroup section */

/* Begin XCBuildConfiguration section */
		A3C0768C2362FE260098A25F /* Debug */ = {
			isa = XCBuildConfiguration;
			buildSettings = {
				ALWAYS_SEARCH_USER_PATHS = NO;
				CLANG_ANALYZER_NONNULL = YES;
				CLANG_ANALYZER_NUMBER_OBJECT_CONVERSION = YES_AGGRESSIVE;
				CLANG_CXX_LANGUAGE_STANDARD = "gnu++14";
				CLANG_CXX_LIBRARY = "libc++";
				CLANG_ENABLE_MODULES = YES;
				CLANG_ENABLE_OBJC_ARC = YES;
				CLANG_ENABLE_OBJC_WEAK = YES;
				CLANG_WARN_BLOCK_CAPTURE_AUTORELEASING = YES;
				CLANG_WARN_BOOL_CONVERSION = YES;
				CLANG_WARN_COMMA = YES;
				CLANG_WARN_CONSTANT_CONVERSION = YES;
				CLANG_WARN_DEPRECATED_OBJC_IMPLEMENTATIONS = YES;
				CLANG_WARN_DIRECT_OBJC_ISA_USAGE = YES_ERROR;
				CLANG_WARN_DOCUMENTATION_COMMENTS = YES;
				CLANG_WARN_EMPTY_BODY = YES;
				CLANG_WARN_ENUM_CONVERSION = YES;
				CLANG_WARN_INFINITE_RECURSION = YES;
				CLANG_WARN_INT_CONVERSION = YES;
				CLANG_WARN_NON_LITERAL_NULL_CONVERSION = YES;
				CLANG_WARN_OBJC_IMPLICIT_RETAIN_SELF = YES;
				CLANG_WARN_OBJC_LITERAL_CONVERSION = YES;
				CLANG_WARN_OBJC_ROOT_CLASS = YES_ERROR;
				CLANG_WARN_RANGE_LOOP_ANALYSIS = YES;
				CLANG_WARN_STRICT_PROTOTYPES = YES;
				CLANG_WARN_SUSPICIOUS_MOVE = YES;
				CLANG_WARN_UNGUARDED_AVAILABILITY = YES_AGGRESSIVE;
				CLANG_WARN_UNREACHABLE_CODE = YES;
				CLANG_WARN__DUPLICATE_METHOD_MATCH = YES;
				CODE_SIGN_IDENTITY = "iPhone Developer";
				COPY_PHASE_STRIP = NO;
				DEBUG_INFORMATION_FORMAT = dwarf;
				ENABLE_STRICT_OBJC_MSGSEND = YES;
				ENABLE_TESTABILITY = YES;
				GCC_C_LANGUAGE_STANDARD = gnu11;
				GCC_DYNAMIC_NO_PIC = NO;
				GCC_NO_COMMON_BLOCKS = YES;
				GCC_OPTIMIZATION_LEVEL = 0;
				GCC_PREPROCESSOR_DEFINITIONS = (
					"DEBUG=1",
					"$(inherited)",
				);
				GCC_WARN_64_TO_32_BIT_CONVERSION = YES;
				GCC_WARN_ABOUT_RETURN_TYPE = YES_ERROR;
				GCC_WARN_UNDECLARED_SELECTOR = YES;
				GCC_WARN_UNINITIALIZED_AUTOS = YES_AGGRESSIVE;
				GCC_WARN_UNUSED_FUNCTION = YES;
				GCC_WARN_UNUSED_VARIABLE = YES;
				IPHONEOS_DEPLOYMENT_TARGET = 12.2;
				MTL_ENABLE_DEBUG_INFO = INCLUDE_SOURCE;
				MTL_FAST_MATH = YES;
				ONLY_ACTIVE_ARCH = YES;
				SDKROOT = iphoneos;
				SWIFT_ACTIVE_COMPILATION_CONDITIONS = DEBUG;
				SWIFT_OPTIMIZATION_LEVEL = "-Onone";
			};
			name = Debug;
		};
		A3C0768D2362FE260098A25F /* Release */ = {
			isa = XCBuildConfiguration;
			buildSettings = {
				ALWAYS_SEARCH_USER_PATHS = NO;
				CLANG_ANALYZER_NONNULL = YES;
				CLANG_ANALYZER_NUMBER_OBJECT_CONVERSION = YES_AGGRESSIVE;
				CLANG_CXX_LANGUAGE_STANDARD = "gnu++14";
				CLANG_CXX_LIBRARY = "libc++";
				CLANG_ENABLE_MODULES = YES;
				CLANG_ENABLE_OBJC_ARC = YES;
				CLANG_ENABLE_OBJC_WEAK = YES;
				CLANG_WARN_BLOCK_CAPTURE_AUTORELEASING = YES;
				CLANG_WARN_BOOL_CONVERSION = YES;
				CLANG_WARN_COMMA = YES;
				CLANG_WARN_CONSTANT_CONVERSION = YES;
				CLANG_WARN_DEPRECATED_OBJC_IMPLEMENTATIONS = YES;
				CLANG_WARN_DIRECT_OBJC_ISA_USAGE = YES_ERROR;
				CLANG_WARN_DOCUMENTATION_COMMENTS = YES;
				CLANG_WARN_EMPTY_BODY = YES;
				CLANG_WARN_ENUM_CONVERSION = YES;
				CLANG_WARN_INFINITE_RECURSION = YES;
				CLANG_WARN_INT_CONVERSION = YES;
				CLANG_WARN_NON_LITERAL_NULL_CONVERSION = YES;
				CLANG_WARN_OBJC_IMPLICIT_RETAIN_SELF = YES;
				CLANG_WARN_OBJC_LITERAL_CONVERSION = YES;
				CLANG_WARN_OBJC_ROOT_CLASS = YES_ERROR;
				CLANG_WARN_RANGE_LOOP_ANALYSIS = YES;
				CLANG_WARN_STRICT_PROTOTYPES = YES;
				CLANG_WARN_SUSPICIOUS_MOVE = YES;
				CLANG_WARN_UNGUARDED_AVAILABILITY = YES_AGGRESSIVE;
				CLANG_WARN_UNREACHABLE_CODE = YES;
				CLANG_WARN__DUPLICATE_METHOD_MATCH = YES;
				CODE_SIGN_IDENTITY = "iPhone Developer";
				COPY_PHASE_STRIP = NO;
				DEBUG_INFORMATION_FORMAT = "dwarf-with-dsym";
				ENABLE_NS_ASSERTIONS = NO;
				ENABLE_STRICT_OBJC_MSGSEND = YES;
				GCC_C_LANGUAGE_STANDARD = gnu11;
				GCC_NO_COMMON_BLOCKS = YES;
				GCC_WARN_64_TO_32_BIT_CONVERSION = YES;
				GCC_WARN_ABOUT_RETURN_TYPE = YES_ERROR;
				GCC_WARN_UNDECLARED_SELECTOR = YES;
				GCC_WARN_UNINITIALIZED_AUTOS = YES_AGGRESSIVE;
				GCC_WARN_UNUSED_FUNCTION = YES;
				GCC_WARN_UNUSED_VARIABLE = YES;
				IPHONEOS_DEPLOYMENT_TARGET = 12.2;
				MTL_ENABLE_DEBUG_INFO = NO;
				MTL_FAST_MATH = YES;
				SDKROOT = iphoneos;
				SWIFT_COMPILATION_MODE = wholemodule;
				SWIFT_OPTIMIZATION_LEVEL = "-O";
				VALIDATE_PRODUCT = YES;
			};
			name = Release;
		};
		A3C0768F2362FE260098A25F /* Debug */ = {
			isa = XCBuildConfiguration;
			buildSettings = {
				ASSETCATALOG_COMPILER_APPICON_NAME = AppIcon;
				CODE_SIGN_STYLE = Automatic;
				DEVELOPMENT_TEAM = 378HZ25P52;
				INFOPLIST_FILE = "$(SRCROOT)/SwiftyCompanion/Supporting Files/Info.plist";
				IPHONEOS_DEPLOYMENT_TARGET = 12.2;
				LD_RUNPATH_SEARCH_PATHS = (
					"$(inherited)",
					"@executable_path/Frameworks",
				);
				PRODUCT_BUNDLE_IDENTIFIER = "Unit-factory.SwiftyCompanion";
				PRODUCT_NAME = "$(TARGET_NAME)";
				SWIFT_VERSION = 5.0;
				TARGETED_DEVICE_FAMILY = "1,2";
			};
			name = Debug;
		};
		A3C076902362FE260098A25F /* Release */ = {
			isa = XCBuildConfiguration;
			buildSettings = {
				ASSETCATALOG_COMPILER_APPICON_NAME = AppIcon;
				CODE_SIGN_STYLE = Automatic;
				DEVELOPMENT_TEAM = 378HZ25P52;
				INFOPLIST_FILE = "$(SRCROOT)/SwiftyCompanion/Supporting Files/Info.plist";
				IPHONEOS_DEPLOYMENT_TARGET = 12.2;
				LD_RUNPATH_SEARCH_PATHS = (
					"$(inherited)",
					"@executable_path/Frameworks",
				);
				PRODUCT_BUNDLE_IDENTIFIER = "Unit-factory.SwiftyCompanion";
				PRODUCT_NAME = "$(TARGET_NAME)";
				SWIFT_VERSION = 5.0;
				TARGETED_DEVICE_FAMILY = "1,2";
			};
			name = Release;
		};
/* End XCBuildConfiguration section */

/* Begin XCConfigurationList section */
		A3C076742362FE220098A25F /* Build configuration list for PBXProject "SwiftyCompanion" */ = {
			isa = XCConfigurationList;
			buildConfigurations = (
				A3C0768C2362FE260098A25F /* Debug */,
				A3C0768D2362FE260098A25F /* Release */,
			);
			defaultConfigurationIsVisible = 0;
			defaultConfigurationName = Release;
		};
		A3C0768E2362FE260098A25F /* Build configuration list for PBXNativeTarget "SwiftyCompanion" */ = {
			isa = XCConfigurationList;
			buildConfigurations = (
				A3C0768F2362FE260098A25F /* Debug */,
				A3C076902362FE260098A25F /* Release */,
			);
			defaultConfigurationIsVisible = 0;
			defaultConfigurationName = Release;
		};
/* End XCConfigurationList section */
	};
	rootObject = A3C076712362FE220098A25F /* Project object */;
}
